
Microsoft Visual Studio Solution File, Format Version 12.00
# Visual Studio Version 16
VisualStudioVersion = 16.0.30104.148
MinimumVisualStudioVersion = 10.0.40219.1
Project("{FAE04EC0-301F-11D3-BF4B-00C04F79EFBC}") = "Laba6", "Laba6\Laba6.csproj", "{39B5D57C-1A8E-4EBE-8D19-D88DDF111D4C}"
EndProject
Global
	GlobalSection(SolutionConfigurationPlatforms) = preSolution
		Debug|Any CPU = Debug|Any CPU
		Release|Any CPU = Release|Any CPU
	EndGlobalSection
	GlobalSection(ProjectConfigurationPlatforms) = postSolution
		{39B5D57C-1A8E-4EBE-8D19-D88DDF111D4C}.Debug|Any CPU.ActiveCfg = Debug|Any CPU
		{39B5D57C-1A8E-4EBE-8D19-D88DDF111D4C}.Debug|Any CPU.Build.0 = Debug|Any CPU
		{39B5D57C-1A8E-4EBE-8D19-D88DDF111D4C}.Release|Any CPU.ActiveCfg = Release|Any CPU
		{39B5D57C-1A8E-4EBE-8D19-D88DDF111D4C}.Release|Any CPU.Build.0 = Release|Any CPU
	EndGlobalSection
	GlobalSection(SolutionProperties) = preSolution
		HideSolutionNode = FALSE
	EndGlobalSection
	GlobalSection(ExtensibilityGlobals) = postSolution
		SolutionGuid = {56C8FD1C-E287-427E-B2B3-C49E810C7A62}
	EndGlobalSection
EndGlobal
